PODS:
  - ARCL (1.3.0)
  - Mapbox-iOS-SDK (6.3.0):
    - MapboxMobileEvents (~> 0.10.4)
  - MapboxAccounts (2.3.0)
  - MapboxCommon (7.1.2)
  - MapboxCoreNavigation (1.1.0):
    - MapboxAccounts (~> 2.3.0)
    - MapboxDirections (~> 1.0)
    - MapboxMobileEvents (~> 0.10.2)
    - MapboxNavigationNative (~> 22.0)
    - Turf (~> 1.0)
  - MapboxDirections (1.1.0):
    - Polyline (~> 5.0)
    - Turf (~> 1.0)
  - MapboxMobileEvents (0.10.7)
  - MapboxNavigation (1.1.0):
    - Mapbox-iOS-SDK (~> 6.0)
    - MapboxCoreNavigation (= 1.1.0)
    - MapboxMobileEvents (~> 0.10.2)
    - MapboxSpeech (~> 1.0)
    - Solar (~> 2.1)
  - MapboxNavigationNative (22.0.5):
    - MapboxCommon (= 7.1.2)
  - MapboxSpeech (1.0.0)
  - NMapsMap (3.10.1)
  - Polyline (5.0.2)
  - Solar (2.1.0)
  - Turf (1.1.0)

DEPENDENCIES:
  - ARCL
  - Mapbox-iOS-SDK (~> 6.3.0)
  - MapboxNavigation (~> 1.0)
  - NMapsMap

SPEC REPOS:
  trunk:
    - ARCL
    - Mapbox-iOS-SDK
    - MapboxAccounts
    - MapboxCommon
    - MapboxCoreNavigation
    - MapboxDirections
    - MapboxMobileEvents
    - MapboxNavigation
    - MapboxNavigationNative
    - MapboxSpeech
    - NMapsMap
    - Polyline
    - Solar
    - Turf

SPEC CHECKSUMS:
  ARCL: db48b6927d6f3f49f29568295ed91c94ab8d4aab
  Mapbox-iOS-SDK: 2563ed87ead6ec08f1c2090873977b8a7be335a8
  MapboxAccounts: 84abfdde95d9dc483f604c1b0fe1861edf691ce7
  MapboxCommon: e469f6c62de29e1906c37e0bce65f6826e7fb9ac
  MapboxCoreNavigation: 1e859a9660eb8558fe5ab2dbe7d6ef396d9d9b0c
  MapboxDirections: f47e5648051967c502897cf808090874e3f81c5d
  MapboxMobileEvents: d0a581dedd8f47411cc65ea520b965e83914316e
  MapboxNavigation: 691654844491013223c083f519754886fa33b248
  MapboxNavigationNative: 88f243e0460fc7d1d50035bf13583355da6e4c26
  MapboxSpeech: 4b3aea42e35d056fae1d7ad847a9fc0f412d911e
  NMapsMap: 1dc27ca06eac287ce1f001a972172766dca2abe1
  Polyline: fce41d72e1146c41c6d081f7656827226f643dff
  Solar: 2dc6e7cc39186cb0c8228fa08df76fb50c7d8f24
  Turf: 62a818ddce6c1af8d54da9d56232088d170ab27b

PODFILE CHECKSUM: 131c22ee3177282bd12060680d69d2bdd8e43f16

COCOAPODS: 1.10.0
